
Microsoft Visual Studio Solution File, Format Version 12.00
# Visual Studio Version 17
VisualStudioVersion = 17.3.32901.215
MinimumVisualStudioVersion = 10.0.40219.1
Project("{FAE04EC0-301F-11D3-BF4B-00C04F79EFBC}") = "EjemploRestaurante", "EjemploRestaurante\EjemploRestaurante.csproj", "{F5E38277-F9C4-4753-BCDD-A887EE0AEB14}"
EndProject
Global
	GlobalSection(SolutionConfigurationPlatforms) = preSolution
		Debug|Any CPU = Debug|Any CPU
		Release|Any CPU = Release|Any CPU
	EndGlobalSection
	GlobalSection(ProjectConfigurationPlatforms) = postSolution
		{F5E38277-F9C4-4753-BCDD-A887EE0AEB14}.Debug|Any CPU.ActiveCfg = Debug|Any CPU
		{F5E38277-F9C4-4753-BCDD-A887EE0AEB14}.Debug|Any CPU.Build.0 = Debug|Any CPU
		{F5E38277-F9C4-4753-BCDD-A887EE0AEB14}.Release|Any CPU.ActiveCfg = Release|Any CPU
		{F5E38277-F9C4-4753-BCDD-A887EE0AEB14}.Release|Any CPU.Build.0 = Release|Any CPU
	EndGlobalSection
	GlobalSection(SolutionProperties) = preSolution
		HideSolutionNode = FALSE
	EndGlobalSection
	GlobalSection(ExtensibilityGlobals) = postSolution
		SolutionGuid = {52074F20-ACCB-4BD6-87E7-1A3CEEA045A3}
	EndGlobalSection
EndGlobal
